
Microsoft Visual Studio Solution File, Format Version 12.00
# Visual Studio 15
VisualStudioVersion = 15.0.28010.2050
MinimumVisualStudioVersion = 10.0.40219.1
Project("{FAE04EC0-301F-11D3-BF4B-00C04F79EFBC}") = "SliderBindingsPage.Android", "SliderBindingsPage\SliderBindingsPage.Android\SliderBindingsPage.Android.csproj", "{4D06F14E-3241-4457-BFFA-FC906959530B}"
EndProject
Project("{FAE04EC0-301F-11D3-BF4B-00C04F79EFBC}") = "SliderBindingsPage.iOS", "SliderBindingsPage\SliderBindingsPage.iOS\SliderBindingsPage.iOS.csproj", "{969C4378-46B4-4FF9-B3F2-C52C5FDBF1E9}"
EndProject
Project("{FAE04EC0-301F-11D3-BF4B-00C04F79EFBC}") = "SliderBindingsPage", "SliderBindingsPage\SliderBindingsPage\SliderBindingsPage.csproj", "{C3842DCA-F820-41AB-AB63-2AEA91DE8603}"
EndProject
Global
	GlobalSection(SolutionConfigurationPlatforms) = preSolution
		Ad-Hoc|Any CPU = Ad-Hoc|Any CPU
		Ad-Hoc|iPhone = Ad-Hoc|iPhone
		Ad-Hoc|iPhoneSimulator = Ad-Hoc|iPhoneSimulator
		AppStore|Any CPU = AppStore|Any CPU
		AppStore|iPhone = AppStore|iPhone
		AppStore|iPhoneSimulator = AppStore|iPhoneSimulator
		Debug|Any CPU = Debug|Any CPU
		Debug|iPhone = Debug|iPhone
		Debug|iPhoneSimulator = Debug|iPhoneSimulator
		Release|Any CPU = Release|Any CPU
		Release|iPhone = Release|iPhone
		Release|iPhoneSimulator = Release|iPhoneSimulator
	EndGlobalSection
	GlobalSection(ProjectConfigurationPlatforms) = postSolution
		{4D06F14E-3241-4457-BFFA-FC906959530B}.Ad-Hoc|Any CPU.ActiveCfg = Release|Any CPU
		{4D06F14E-3241-4457-BFFA-FC906959530B}.Ad-Hoc|Any CPU.Build.0 = Release|Any CPU
		{4D06F14E-3241-4457-BFFA-FC906959530B}.Ad-Hoc|Any CPU.Deploy.0 = Release|Any CPU
		{4D06F14E-3241-4457-BFFA-FC906959530B}.Ad-Hoc|iPhone.ActiveCfg = Release|Any CPU
		{4D06F14E-3241-4457-BFFA-FC906959530B}.Ad-Hoc|iPhone.Build.0 = Release|Any CPU
		{4D06F14E-3241-4457-BFFA-FC906959530B}.Ad-Hoc|iPhone.Deploy.0 = Release|Any CPU
		{4D06F14E-3241-4457-BFFA-FC906959530B}.Ad-Hoc|iPhoneSimulator.ActiveCfg = Release|Any CPU
		{4D06F14E-3241-4457-BFFA-FC906959530B}.Ad-Hoc|iPhoneSimulator.Build.0 = Release|Any CPU
		{4D06F14E-3241-4457-BFFA-FC906959530B}.Ad-Hoc|iPhoneSimulator.Deploy.0 = Release|Any CPU
		{4D06F14E-3241-4457-BFFA-FC906959530B}.AppStore|Any CPU.ActiveCfg = Release|Any CPU
		{4D06F14E-3241-4457-BFFA-FC906959530B}.AppStore|Any CPU.Build.0 = Release|Any CPU
		{4D06F14E-3241-4457-BFFA-FC906959530B}.AppStore|Any CPU.Deploy.0 = Release|Any CPU
		{4D06F14E-3241-4457-BFFA-FC906959530B}.AppStore|iPhone.ActiveCfg = Release|Any CPU
		{4D06F14E-3241-4457-BFFA-FC906959530B}.AppStore|iPhone.Build.0 = Release|Any CPU
		{4D06F14E-3241-4457-BFFA-FC906959530B}.AppStore|iPhone.Deploy.0 = Release|Any CPU
		{4D06F14E-3241-4457-BFFA-FC906959530B}.AppStore|iPhoneSimulator.ActiveCfg = Release|Any CPU
		{4D06F14E-3241-4457-BFFA-FC906959530B}.AppStore|iPhoneSimulator.Build.0 = Release|Any CPU
		{4D06F14E-3241-4457-BFFA-FC906959530B}.AppStore|iPhoneSimulator.Deploy.0 = Release|Any CPU
		{4D06F14E-3241-4457-BFFA-FC906959530B}.Debug|Any CPU.ActiveCfg = Debug|Any CPU
		{4D06F14E-3241-4457-BFFA-FC906959530B}.Debug|Any CPU.Build.0 = Debug|Any CPU
		{4D06F14E-3241-4457-BFFA-FC906959530B}.Debug|Any CPU.Deploy.0 = Debug|Any CPU
		{4D06F14E-3241-4457-BFFA-FC906959530B}.Debug|iPhone.ActiveCfg = Debug|Any CPU
		{4D06F14E-3241-4457-BFFA-FC906959530B}.Debug|iPhone.Build.0 = Debug|Any CPU
		{4D06F14E-3241-4457-BFFA-FC906959530B}.Debug|iPhone.Deploy.0 = Debug|Any CPU
		{4D06F14E-3241-4457-BFFA-FC906959530B}.Debug|iPhoneSimulator.ActiveCfg = Debug|Any CPU
		{4D06F14E-3241-4457-BFFA-FC906959530B}.Debug|iPhoneSimulator.Build.0 = Debug|Any CPU
		{4D06F14E-3241-4457-BFFA-FC906959530B}.Debug|iPhoneSimulator.Deploy.0 = Debug|Any CPU
		{4D06F14E-3241-4457-BFFA-FC906959530B}.Release|Any CPU.ActiveCfg = Release|Any CPU
		{4D06F14E-3241-4457-BFFA-FC906959530B}.Release|Any CPU.Build.0 = Release|Any CPU
		{4D06F14E-3241-4457-BFFA-FC906959530B}.Release|Any CPU.Deploy.0 = Release|Any CPU
		{4D06F14E-3241-4457-BFFA-FC906959530B}.Release|iPhone.ActiveCfg = Release|Any CPU
		{4D06F14E-3241-4457-BFFA-FC906959530B}.Release|iPhone.Build.0 = Release|Any CPU
		{4D06F14E-3241-4457-BFFA-FC906959530B}.Release|iPhone.Deploy.0 = Release|Any CPU
		{4D06F14E-3241-4457-BFFA-FC906959530B}.Release|iPhoneSimulator.ActiveCfg = Release|Any CPU
		{4D06F14E-3241-4457-BFFA-FC906959530B}.Release|iPhoneSimulator.Build.0 = Release|Any CPU
		{4D06F14E-3241-4457-BFFA-FC906959530B}.Release|iPhoneSimulator.Deploy.0 = Release|Any CPU
		{969C4378-46B4-4FF9-B3F2-C52C5FDBF1E9}.Ad-Hoc|Any CPU.ActiveCfg = Ad-Hoc|iPhone
		{969C4378-46B4-4FF9-B3F2-C52C5FDBF1E9}.Ad-Hoc|Any CPU.Build.0 = Ad-Hoc|iPhone
		{969C4378-46B4-4FF9-B3F2-C52C5FDBF1E9}.Ad-Hoc|Any CPU.Deploy.0 = Ad-Hoc|iPhone
		{969C4378-46B4-4FF9-B3F2-C52C5FDBF1E9}.Ad-Hoc|iPhone.ActiveCfg = Ad-Hoc|iPhone
		{969C4378-46B4-4FF9-B3F2-C52C5FDBF1E9}.Ad-Hoc|iPhone.Build.0 = Ad-Hoc|iPhone
		{969C4378-46B4-4FF9-B3F2-C52C5FDBF1E9}.Ad-Hoc|iPhone.Deploy.0 = Ad-Hoc|iPhone
		{969C4378-46B4-4FF9-B3F2-C52C5FDBF1E9}.Ad-Hoc|iPhoneSimulator.ActiveCfg = Ad-Hoc|iPhoneSimulator
		{969C4378-46B4-4FF9-B3F2-C52C5FDBF1E9}.Ad-Hoc|iPhoneSimulator.Build.0 = Ad-Hoc|iPhoneSimulator
		{969C4378-46B4-4FF9-B3F2-C52C5FDBF1E9}.Ad-Hoc|iPhoneSimulator.Deploy.0 = Ad-Hoc|iPhoneSimulator
		{969C4378-46B4-4FF9-B3F2-C52C5FDBF1E9}.AppStore|Any CPU.ActiveCfg = AppStore|iPhone
		{969C4378-46B4-4FF9-B3F2-C52C5FDBF1E9}.AppStore|Any CPU.Build.0 = AppStore|iPhone
		{969C4378-46B4-4FF9-B3F2-C52C5FDBF1E9}.AppStore|Any CPU.Deploy.0 = AppStore|iPhone
		{969C4378-46B4-4FF9-B3F2-C52C5FDBF1E9}.AppStore|iPhone.ActiveCfg = AppStore|iPhone
		{969C4378-46B4-4FF9-B3F2-C52C5FDBF1E9}.AppStore|iPhone.Build.0 = AppStore|iPhone
		{969C4378-46B4-4FF9-B3F2-C52C5FDBF1E9}.AppStore|iPhone.Deploy.0 = AppStore|iPhone
		{969C4378-46B4-4FF9-B3F2-C52C5FDBF1E9}.AppStore|iPhoneSimulator.ActiveCfg = AppStore|iPhoneSimulator
		{969C4378-46B4-4FF9-B3F2-C52C5FDBF1E9}.AppStore|iPhoneSimulator.Build.0 = AppStore|iPhoneSimulator
		{969C4378-46B4-4FF9-B3F2-C52C5FDBF1E9}.AppStore|iPhoneSimulator.Deploy.0 = AppStore|iPhoneSimulator
		{969C4378-46B4-4FF9-B3F2-C52C5FDBF1E9}.Debug|Any CPU.ActiveCfg = Debug|iPhoneSimulator
		{969C4378-46B4-4FF9-B3F2-C52C5FDBF1E9}.Debug|Any CPU.Build.0 = Debug|iPhoneSimulator
		{969C4378-46B4-4FF9-B3F2-C52C5FDBF1E9}.Debug|Any CPU.Deploy.0 = Debug|iPhoneSimulator
		{969C4378-46B4-4FF9-B3F2-C52C5FDBF1E9}.Debug|iPhone.ActiveCfg = Debug|iPhone
		{969C4378-46B4-4FF9-B3F2-C52C5FDBF1E9}.Debug|iPhone.Build.0 = Debug|iPhone
		{969C4378-46B4-4FF9-B3F2-C52C5FDBF1E9}.Debug|iPhone.Deploy.0 = Debug|iPhone
		{969C4378-46B4-4FF9-B3F2-C52C5FDBF1E9}.Debug|iPhoneSimulator.ActiveCfg = Debug|iPhoneSimulator
		{969C4378-46B4-4FF9-B3F2-C52C5FDBF1E9}.Debug|iPhoneSimulator.Build.0 = Debug|iPhoneSimulator
		{969C4378-46B4-4FF9-B3F2-C52C5FDBF1E9}.Debug|iPhoneSimulator.Deploy.0 = Debug|iPhoneSimulator
		{969C4378-46B4-4FF9-B3F2-C52C5FDBF1E9}.Release|Any CPU.ActiveCfg = Release|iPhone
		{969C4378-46B4-4FF9-B3F2-C52C5FDBF1E9}.Release|Any CPU.Build.0 = Release|iPhone
		{969C4378-46B4-4FF9-B3F2-C52C5FDBF1E9}.Release|Any CPU.Deploy.0 = Release|iPhone
		{969C4378-46B4-4FF9-B3F2-C52C5FDBF1E9}.Release|iPhone.ActiveCfg = Release|iPhone
		{969C4378-46B4-4FF9-B3F2-C52C5FDBF1E9}.Release|iPhone.Build.0 = Release|iPhone
		{969C4378-46B4-4FF9-B3F2-C52C5FDBF1E9}.Release|iPhone.Deploy.0 = Release|iPhone
		{969C4378-46B4-4FF9-B3F2-C52C5FDBF1E9}.Release|iPhoneSimulator.ActiveCfg = Release|iPhoneSimulator
		{969C4378-46B4-4FF9-B3F2-C52C5FDBF1E9}.Release|iPhoneSimulator.Build.0 = Release|iPhoneSimulator
		{969C4378-46B4-4FF9-B3F2-C52C5FDBF1E9}.Release|iPhoneSimulator.Deploy.0 = Release|iPhoneSimulator
		{C3842DCA-F820-41AB-AB63-2AEA91DE8603}.Ad-Hoc|Any CPU.ActiveCfg = Debug|Any CPU
		{C3842DCA-F820-41AB-AB63-2AEA91DE8603}.Ad-Hoc|Any CPU.Build.0 = Debug|Any CPU
		{C3842DCA-F820-41AB-AB63-2AEA91DE8603}.Ad-Hoc|Any CPU.Deploy.0 = Debug|Any CPU
		{C3842DCA-F820-41AB-AB63-2AEA91DE8603}.Ad-Hoc|iPhone.ActiveCfg = Debug|Any CPU
		{C3842DCA-F820-41AB-AB63-2AEA91DE8603}.Ad-Hoc|iPhone.Build.0 = Debug|Any CPU
		{C3842DCA-F820-41AB-AB63-2AEA91DE8603}.Ad-Hoc|iPhone.Deploy.0 = Debug|Any CPU
		{C3842DCA-F820-41AB-AB63-2AEA91DE8603}.Ad-Hoc|iPhoneSimulator.ActiveCfg = Debug|Any CPU
		{C3842DCA-F820-41AB-AB63-2AEA91DE8603}.Ad-Hoc|iPhoneSimulator.Build.0 = Debug|Any CPU
		{C3842DCA-F820-41AB-AB63-2AEA91DE8603}.Ad-Hoc|iPhoneSimulator.Deploy.0 = Debug|Any CPU
		{C3842DCA-F820-41AB-AB63-2AEA91DE8603}.AppStore|Any CPU.ActiveCfg = Debug|Any CPU
		{C3842DCA-F820-41AB-AB63-2AEA91DE8603}.AppStore|Any CPU.Build.0 = Debug|Any CPU
		{C3842DCA-F820-41AB-AB63-2AEA91DE8603}.AppStore|Any CPU.Deploy.0 = Debug|Any CPU
		{C3842DCA-F820-41AB-AB63-2AEA91DE8603}.AppStore|iPhone.ActiveCfg = Debug|Any CPU
		{C3842DCA-F820-41AB-AB63-2AEA91DE8603}.AppStore|iPhone.Build.0 = Debug|Any CPU
		{C3842DCA-F820-41AB-AB63-2AEA91DE8603}.AppStore|iPhone.Deploy.0 = Debug|Any CPU
		{C3842DCA-F820-41AB-AB63-2AEA91DE8603}.AppStore|iPhoneSimulator.ActiveCfg = Debug|Any CPU
		{C3842DCA-F820-41AB-AB63-2AEA91DE8603}.AppStore|iPhoneSimulator.Build.0 = Debug|Any CPU
		{C3842DCA-F820-41AB-AB63-2AEA91DE8603}.AppStore|iPhoneSimulator.Deploy.0 = Debug|Any CPU
		{C3842DCA-F820-41AB-AB63-2AEA91DE8603}.Debug|Any CPU.ActiveCfg = Debug|Any CPU
		{C3842DCA-F820-41AB-AB63-2AEA91DE8603}.Debug|Any CPU.Build.0 = Debug|Any CPU
		{C3842DCA-F820-41AB-AB63-2AEA91DE8603}.Debug|Any CPU.Deploy.0 = Debug|Any CPU
		{C3842DCA-F820-41AB-AB63-2AEA91DE8603}.Debug|iPhone.ActiveCfg = Debug|Any CPU
		{C3842DCA-F820-41AB-AB63-2AEA91DE8603}.Debug|iPhone.Build.0 = Debug|Any CPU
		{C3842DCA-F820-41AB-AB63-2AEA91DE8603}.Debug|iPhone.Deploy.0 = Debug|Any CPU
		{C3842DCA-F820-41AB-AB63-2AEA91DE8603}.Debug|iPhoneSimulator.ActiveCfg = Debug|Any CPU
		{C3842DCA-F820-41AB-AB63-2AEA91DE8603}.Debug|iPhoneSimulator.Build.0 = Debug|Any CPU
		{C3842DCA-F820-41AB-AB63-2AEA91DE8603}.Debug|iPhoneSimulator.Deploy.0 = Debug|Any CPU
		{C3842DCA-F820-41AB-AB63-2AEA91DE8603}.Release|Any CPU.ActiveCfg = Release|Any CPU
		{C3842DCA-F820-41AB-AB63-2AEA91DE8603}.Release|Any CPU.Build.0 = Release|Any CPU
		{C3842DCA-F820-41AB-AB63-2AEA91DE8603}.Release|Any CPU.Deploy.0 = Release|Any CPU
		{C3842DCA-F820-41AB-AB63-2AEA91DE8603}.Release|iPhone.ActiveCfg = Release|Any CPU
		{C3842DCA-F820-41AB-AB63-2AEA91DE8603}.Release|iPhone.Build.0 = Release|Any CPU
		{C3842DCA-F820-41AB-AB63-2AEA91DE8603}.Release|iPhone.Deploy.0 = Release|Any CPU
		{C3842DCA-F820-41AB-AB63-2AEA91DE8603}.Release|iPhoneSimulator.ActiveCfg = Release|Any CPU
		{C3842DCA-F820-41AB-AB63-2AEA91DE8603}.Release|iPhoneSimulator.Build.0 = Release|Any CPU
		{C3842DCA-F820-41AB-AB63-2AEA91DE8603}.Release|iPhoneSimulator.Deploy.0 = Release|Any CPU
	EndGlobalSection
	GlobalSection(SolutionProperties) = preSolution
		HideSolutionNode = FALSE
	EndGlobalSection
	GlobalSection(ExtensibilityGlobals) = postSolution
		SolutionGuid = {FEBD2E0C-8A5D-4A86-BCCB-E250869CF0BA}
	EndGlobalSection
EndGlobal
