
Microsoft Visual Studio Solution File, Format Version 12.00
# Visual Studio 15
VisualStudioVersion = 15.0.28010.2050
MinimumVisualStudioVersion = 10.0.40219.1
Project("{FAE04EC0-301F-11D3-BF4B-00C04F79EFBC}") = "Selector.Android", "Selector\Selector.Android\Selector.Android.csproj", "{5751B235-9E19-4C3A-BB51-687240851254}"
EndProject
Project("{FAE04EC0-301F-11D3-BF4B-00C04F79EFBC}") = "Selector.iOS", "Selector\Selector.iOS\Selector.iOS.csproj", "{676007DB-F4AA-46FC-BF51-589994F6DE25}"
EndProject
Project("{FAE04EC0-301F-11D3-BF4B-00C04F79EFBC}") = "Selector", "Selector\Selector\Selector.csproj", "{73856EAE-90C7-4BB2-A55A-FF7DFAA6FF0B}"
EndProject
Global
	GlobalSection(SolutionConfigurationPlatforms) = preSolution
		Ad-Hoc|Any CPU = Ad-Hoc|Any CPU
		Ad-Hoc|iPhone = Ad-Hoc|iPhone
		Ad-Hoc|iPhoneSimulator = Ad-Hoc|iPhoneSimulator
		AppStore|Any CPU = AppStore|Any CPU
		AppStore|iPhone = AppStore|iPhone
		AppStore|iPhoneSimulator = AppStore|iPhoneSimulator
		Debug|Any CPU = Debug|Any CPU
		Debug|iPhone = Debug|iPhone
		Debug|iPhoneSimulator = Debug|iPhoneSimulator
		Release|Any CPU = Release|Any CPU
		Release|iPhone = Release|iPhone
		Release|iPhoneSimulator = Release|iPhoneSimulator
	EndGlobalSection
	GlobalSection(ProjectConfigurationPlatforms) = postSolution
		{5751B235-9E19-4C3A-BB51-687240851254}.Ad-Hoc|Any CPU.ActiveCfg = Release|Any CPU
		{5751B235-9E19-4C3A-BB51-687240851254}.Ad-Hoc|Any CPU.Build.0 = Release|Any CPU
		{5751B235-9E19-4C3A-BB51-687240851254}.Ad-Hoc|Any CPU.Deploy.0 = Release|Any CPU
		{5751B235-9E19-4C3A-BB51-687240851254}.Ad-Hoc|iPhone.ActiveCfg = Release|Any CPU
		{5751B235-9E19-4C3A-BB51-687240851254}.Ad-Hoc|iPhone.Build.0 = Release|Any CPU
		{5751B235-9E19-4C3A-BB51-687240851254}.Ad-Hoc|iPhone.Deploy.0 = Release|Any CPU
		{5751B235-9E19-4C3A-BB51-687240851254}.Ad-Hoc|iPhoneSimulator.ActiveCfg = Release|Any CPU
		{5751B235-9E19-4C3A-BB51-687240851254}.Ad-Hoc|iPhoneSimulator.Build.0 = Release|Any CPU
		{5751B235-9E19-4C3A-BB51-687240851254}.Ad-Hoc|iPhoneSimulator.Deploy.0 = Release|Any CPU
		{5751B235-9E19-4C3A-BB51-687240851254}.AppStore|Any CPU.ActiveCfg = Release|Any CPU
		{5751B235-9E19-4C3A-BB51-687240851254}.AppStore|Any CPU.Build.0 = Release|Any CPU
		{5751B235-9E19-4C3A-BB51-687240851254}.AppStore|Any CPU.Deploy.0 = Release|Any CPU
		{5751B235-9E19-4C3A-BB51-687240851254}.AppStore|iPhone.ActiveCfg = Release|Any CPU
		{5751B235-9E19-4C3A-BB51-687240851254}.AppStore|iPhone.Build.0 = Release|Any CPU
		{5751B235-9E19-4C3A-BB51-687240851254}.AppStore|iPhone.Deploy.0 = Release|Any CPU
		{5751B235-9E19-4C3A-BB51-687240851254}.AppStore|iPhoneSimulator.ActiveCfg = Release|Any CPU
		{5751B235-9E19-4C3A-BB51-687240851254}.AppStore|iPhoneSimulator.Build.0 = Release|Any CPU
		{5751B235-9E19-4C3A-BB51-687240851254}.AppStore|iPhoneSimulator.Deploy.0 = Release|Any CPU
		{5751B235-9E19-4C3A-BB51-687240851254}.Debug|Any CPU.ActiveCfg = Debug|Any CPU
		{5751B235-9E19-4C3A-BB51-687240851254}.Debug|Any CPU.Build.0 = Debug|Any CPU
		{5751B235-9E19-4C3A-BB51-687240851254}.Debug|Any CPU.Deploy.0 = Debug|Any CPU
		{5751B235-9E19-4C3A-BB51-687240851254}.Debug|iPhone.ActiveCfg = Debug|Any CPU
		{5751B235-9E19-4C3A-BB51-687240851254}.Debug|iPhone.Build.0 = Debug|Any CPU
		{5751B235-9E19-4C3A-BB51-687240851254}.Debug|iPhone.Deploy.0 = Debug|Any CPU
		{5751B235-9E19-4C3A-BB51-687240851254}.Debug|iPhoneSimulator.ActiveCfg = Debug|Any CPU
		{5751B235-9E19-4C3A-BB51-687240851254}.Debug|iPhoneSimulator.Build.0 = Debug|Any CPU
		{5751B235-9E19-4C3A-BB51-687240851254}.Debug|iPhoneSimulator.Deploy.0 = Debug|Any CPU
		{5751B235-9E19-4C3A-BB51-687240851254}.Release|Any CPU.ActiveCfg = Release|Any CPU
		{5751B235-9E19-4C3A-BB51-687240851254}.Release|Any CPU.Build.0 = Release|Any CPU
		{5751B235-9E19-4C3A-BB51-687240851254}.Release|Any CPU.Deploy.0 = Release|Any CPU
		{5751B235-9E19-4C3A-BB51-687240851254}.Release|iPhone.ActiveCfg = Release|Any CPU
		{5751B235-9E19-4C3A-BB51-687240851254}.Release|iPhone.Build.0 = Release|Any CPU
		{5751B235-9E19-4C3A-BB51-687240851254}.Release|iPhone.Deploy.0 = Release|Any CPU
		{5751B235-9E19-4C3A-BB51-687240851254}.Release|iPhoneSimulator.ActiveCfg = Release|Any CPU
		{5751B235-9E19-4C3A-BB51-687240851254}.Release|iPhoneSimulator.Build.0 = Release|Any CPU
		{5751B235-9E19-4C3A-BB51-687240851254}.Release|iPhoneSimulator.Deploy.0 = Release|Any CPU
		{676007DB-F4AA-46FC-BF51-589994F6DE25}.Ad-Hoc|Any CPU.ActiveCfg = Ad-Hoc|iPhone
		{676007DB-F4AA-46FC-BF51-589994F6DE25}.Ad-Hoc|Any CPU.Build.0 = Ad-Hoc|iPhone
		{676007DB-F4AA-46FC-BF51-589994F6DE25}.Ad-Hoc|Any CPU.Deploy.0 = Ad-Hoc|iPhone
		{676007DB-F4AA-46FC-BF51-589994F6DE25}.Ad-Hoc|iPhone.ActiveCfg = Ad-Hoc|iPhone
		{676007DB-F4AA-46FC-BF51-589994F6DE25}.Ad-Hoc|iPhone.Build.0 = Ad-Hoc|iPhone
		{676007DB-F4AA-46FC-BF51-589994F6DE25}.Ad-Hoc|iPhone.Deploy.0 = Ad-Hoc|iPhone
		{676007DB-F4AA-46FC-BF51-589994F6DE25}.Ad-Hoc|iPhoneSimulator.ActiveCfg = Ad-Hoc|iPhoneSimulator
		{676007DB-F4AA-46FC-BF51-589994F6DE25}.Ad-Hoc|iPhoneSimulator.Build.0 = Ad-Hoc|iPhoneSimulator
		{676007DB-F4AA-46FC-BF51-589994F6DE25}.Ad-Hoc|iPhoneSimulator.Deploy.0 = Ad-Hoc|iPhoneSimulator
		{676007DB-F4AA-46FC-BF51-589994F6DE25}.AppStore|Any CPU.ActiveCfg = AppStore|iPhone
		{676007DB-F4AA-46FC-BF51-589994F6DE25}.AppStore|Any CPU.Build.0 = AppStore|iPhone
		{676007DB-F4AA-46FC-BF51-589994F6DE25}.AppStore|Any CPU.Deploy.0 = AppStore|iPhone
		{676007DB-F4AA-46FC-BF51-589994F6DE25}.AppStore|iPhone.ActiveCfg = AppStore|iPhone
		{676007DB-F4AA-46FC-BF51-589994F6DE25}.AppStore|iPhone.Build.0 = AppStore|iPhone
		{676007DB-F4AA-46FC-BF51-589994F6DE25}.AppStore|iPhone.Deploy.0 = AppStore|iPhone
		{676007DB-F4AA-46FC-BF51-589994F6DE25}.AppStore|iPhoneSimulator.ActiveCfg = AppStore|iPhoneSimulator
		{676007DB-F4AA-46FC-BF51-589994F6DE25}.AppStore|iPhoneSimulator.Build.0 = AppStore|iPhoneSimulator
		{676007DB-F4AA-46FC-BF51-589994F6DE25}.AppStore|iPhoneSimulator.Deploy.0 = AppStore|iPhoneSimulator
		{676007DB-F4AA-46FC-BF51-589994F6DE25}.Debug|Any CPU.ActiveCfg = Debug|iPhoneSimulator
		{676007DB-F4AA-46FC-BF51-589994F6DE25}.Debug|Any CPU.Build.0 = Debug|iPhoneSimulator
		{676007DB-F4AA-46FC-BF51-589994F6DE25}.Debug|Any CPU.Deploy.0 = Debug|iPhoneSimulator
		{676007DB-F4AA-46FC-BF51-589994F6DE25}.Debug|iPhone.ActiveCfg = Debug|iPhone
		{676007DB-F4AA-46FC-BF51-589994F6DE25}.Debug|iPhone.Build.0 = Debug|iPhone
		{676007DB-F4AA-46FC-BF51-589994F6DE25}.Debug|iPhone.Deploy.0 = Debug|iPhone
		{676007DB-F4AA-46FC-BF51-589994F6DE25}.Debug|iPhoneSimulator.ActiveCfg = Debug|iPhoneSimulator
		{676007DB-F4AA-46FC-BF51-589994F6DE25}.Debug|iPhoneSimulator.Build.0 = Debug|iPhoneSimulator
		{676007DB-F4AA-46FC-BF51-589994F6DE25}.Debug|iPhoneSimulator.Deploy.0 = Debug|iPhoneSimulator
		{676007DB-F4AA-46FC-BF51-589994F6DE25}.Release|Any CPU.ActiveCfg = Release|iPhone
		{676007DB-F4AA-46FC-BF51-589994F6DE25}.Release|Any CPU.Build.0 = Release|iPhone
		{676007DB-F4AA-46FC-BF51-589994F6DE25}.Release|Any CPU.Deploy.0 = Release|iPhone
		{676007DB-F4AA-46FC-BF51-589994F6DE25}.Release|iPhone.ActiveCfg = Release|iPhone
		{676007DB-F4AA-46FC-BF51-589994F6DE25}.Release|iPhone.Build.0 = Release|iPhone
		{676007DB-F4AA-46FC-BF51-589994F6DE25}.Release|iPhone.Deploy.0 = Release|iPhone
		{676007DB-F4AA-46FC-BF51-589994F6DE25}.Release|iPhoneSimulator.ActiveCfg = Release|iPhoneSimulator
		{676007DB-F4AA-46FC-BF51-589994F6DE25}.Release|iPhoneSimulator.Build.0 = Release|iPhoneSimulator
		{676007DB-F4AA-46FC-BF51-589994F6DE25}.Release|iPhoneSimulator.Deploy.0 = Release|iPhoneSimulator
		{73856EAE-90C7-4BB2-A55A-FF7DFAA6FF0B}.Ad-Hoc|Any CPU.ActiveCfg = Debug|Any CPU
		{73856EAE-90C7-4BB2-A55A-FF7DFAA6FF0B}.Ad-Hoc|Any CPU.Build.0 = Debug|Any CPU
		{73856EAE-90C7-4BB2-A55A-FF7DFAA6FF0B}.Ad-Hoc|Any CPU.Deploy.0 = Debug|Any CPU
		{73856EAE-90C7-4BB2-A55A-FF7DFAA6FF0B}.Ad-Hoc|iPhone.ActiveCfg = Debug|Any CPU
		{73856EAE-90C7-4BB2-A55A-FF7DFAA6FF0B}.Ad-Hoc|iPhone.Build.0 = Debug|Any CPU
		{73856EAE-90C7-4BB2-A55A-FF7DFAA6FF0B}.Ad-Hoc|iPhone.Deploy.0 = Debug|Any CPU
		{73856EAE-90C7-4BB2-A55A-FF7DFAA6FF0B}.Ad-Hoc|iPhoneSimulator.ActiveCfg = Debug|Any CPU
		{73856EAE-90C7-4BB2-A55A-FF7DFAA6FF0B}.Ad-Hoc|iPhoneSimulator.Build.0 = Debug|Any CPU
		{73856EAE-90C7-4BB2-A55A-FF7DFAA6FF0B}.Ad-Hoc|iPhoneSimulator.Deploy.0 = Debug|Any CPU
		{73856EAE-90C7-4BB2-A55A-FF7DFAA6FF0B}.AppStore|Any CPU.ActiveCfg = Debug|Any CPU
		{73856EAE-90C7-4BB2-A55A-FF7DFAA6FF0B}.AppStore|Any CPU.Build.0 = Debug|Any CPU
		{73856EAE-90C7-4BB2-A55A-FF7DFAA6FF0B}.AppStore|Any CPU.Deploy.0 = Debug|Any CPU
		{73856EAE-90C7-4BB2-A55A-FF7DFAA6FF0B}.AppStore|iPhone.ActiveCfg = Debug|Any CPU
		{73856EAE-90C7-4BB2-A55A-FF7DFAA6FF0B}.AppStore|iPhone.Build.0 = Debug|Any CPU
		{73856EAE-90C7-4BB2-A55A-FF7DFAA6FF0B}.AppStore|iPhone.Deploy.0 = Debug|Any CPU
		{73856EAE-90C7-4BB2-A55A-FF7DFAA6FF0B}.AppStore|iPhoneSimulator.ActiveCfg = Debug|Any CPU
		{73856EAE-90C7-4BB2-A55A-FF7DFAA6FF0B}.AppStore|iPhoneSimulator.Build.0 = Debug|Any CPU
		{73856EAE-90C7-4BB2-A55A-FF7DFAA6FF0B}.AppStore|iPhoneSimulator.Deploy.0 = Debug|Any CPU
		{73856EAE-90C7-4BB2-A55A-FF7DFAA6FF0B}.Debug|Any CPU.ActiveCfg = Debug|Any CPU
		{73856EAE-90C7-4BB2-A55A-FF7DFAA6FF0B}.Debug|Any CPU.Build.0 = Debug|Any CPU
		{73856EAE-90C7-4BB2-A55A-FF7DFAA6FF0B}.Debug|Any CPU.Deploy.0 = Debug|Any CPU
		{73856EAE-90C7-4BB2-A55A-FF7DFAA6FF0B}.Debug|iPhone.ActiveCfg = Debug|Any CPU
		{73856EAE-90C7-4BB2-A55A-FF7DFAA6FF0B}.Debug|iPhone.Build.0 = Debug|Any CPU
		{73856EAE-90C7-4BB2-A55A-FF7DFAA6FF0B}.Debug|iPhone.Deploy.0 = Debug|Any CPU
		{73856EAE-90C7-4BB2-A55A-FF7DFAA6FF0B}.Debug|iPhoneSimulator.ActiveCfg = Debug|Any CPU
		{73856EAE-90C7-4BB2-A55A-FF7DFAA6FF0B}.Debug|iPhoneSimulator.Build.0 = Debug|Any CPU
		{73856EAE-90C7-4BB2-A55A-FF7DFAA6FF0B}.Debug|iPhoneSimulator.Deploy.0 = Debug|Any CPU
		{73856EAE-90C7-4BB2-A55A-FF7DFAA6FF0B}.Release|Any CPU.ActiveCfg = Release|Any CPU
		{73856EAE-90C7-4BB2-A55A-FF7DFAA6FF0B}.Release|Any CPU.Build.0 = Release|Any CPU
		{73856EAE-90C7-4BB2-A55A-FF7DFAA6FF0B}.Release|Any CPU.Deploy.0 = Release|Any CPU
		{73856EAE-90C7-4BB2-A55A-FF7DFAA6FF0B}.Release|iPhone.ActiveCfg = Release|Any CPU
		{73856EAE-90C7-4BB2-A55A-FF7DFAA6FF0B}.Release|iPhone.Build.0 = Release|Any CPU
		{73856EAE-90C7-4BB2-A55A-FF7DFAA6FF0B}.Release|iPhone.Deploy.0 = Release|Any CPU
		{73856EAE-90C7-4BB2-A55A-FF7DFAA6FF0B}.Release|iPhoneSimulator.ActiveCfg = Release|Any CPU
		{73856EAE-90C7-4BB2-A55A-FF7DFAA6FF0B}.Release|iPhoneSimulator.Build.0 = Release|Any CPU
		{73856EAE-90C7-4BB2-A55A-FF7DFAA6FF0B}.Release|iPhoneSimulator.Deploy.0 = Release|Any CPU
	EndGlobalSection
	GlobalSection(SolutionProperties) = preSolution
		HideSolutionNode = FALSE
	EndGlobalSection
	GlobalSection(ExtensibilityGlobals) = postSolution
		SolutionGuid = {5C0662AF-9E25-4049-ADA5-5BD77534C242}
	EndGlobalSection
EndGlobal
